
Microsoft Visual Studio Solution File, Format Version 12.00
# Visual Studio Version 16
VisualStudioVersion = 16.0.30907.101
MinimumVisualStudioVersion = 10.0.40219.1
Project("{9A19103F-16F7-4668-BE54-9A1E7A4F7556}") = "Coffeshop", "Coffeshop\Coffeshop.csproj", "{4F76EC11-D971-4486-923C-3DE92CC01A66}"
EndProject
Project("{9A19103F-16F7-4668-BE54-9A1E7A4F7556}") = "Metotlar", "Metotlar\Metotlar.csproj", "{7F87CE2A-1F95-4BFB-BB92-682E9064923F}"
EndProject
Project("{9A19103F-16F7-4668-BE54-9A1E7A4F7556}") = "Matematik", "Matematik\Matematik.csproj", "{1A6DE133-9F11-4B59-9F64-184C73C4FBC1}"
EndProject
Project("{9A19103F-16F7-4668-BE54-9A1E7A4F7556}") = "DegerveReferansTipler", "DegerveReferansTipler\DegerveReferansTipler.csproj", "{8A8C57F4-ED00-40E1-BEA8-312E2C8171D1}"
EndProject
Project("{9A19103F-16F7-4668-BE54-9A1E7A4F7556}") = "OOP1", "OOP1\OOP1.csproj", "{8E6D608D-D52B-42C8-BC02-6F7FD8B10536}"
EndProject
Project("{9A19103F-16F7-4668-BE54-9A1E7A4F7556}") = "Collections", "Collections\Collections.csproj", "{E35D4169-DBB9-4012-9583-2044AD170841}"
EndProject
Project("{9A19103F-16F7-4668-BE54-9A1E7A4F7556}") = "GenericsIntro", "GenericsIntro\GenericsIntro.csproj", "{1CBC8E4D-79E4-40DF-ADBC-227B03AA1703}"
EndProject
Project("{9A19103F-16F7-4668-BE54-9A1E7A4F7556}") = "GenericClassType", "OOP2\GenericClassType.csproj", "{863826C0-266A-4607-AB6F-70ECA307CE7A}"
EndProject
Project("{9A19103F-16F7-4668-BE54-9A1E7A4F7556}") = "OOP3", "OOP3\OOP3.csproj", "{CA94570B-9121-491F-AC64-934C7595FCE3}"
EndProject
Project("{FAE04EC0-301F-11D3-BF4B-00C04F79EFBC}") = "OOP4", "OOP4\OOP4.csproj", "{37D2ACAF-5121-43F3-BF90-48A1A0936E98}"
EndProject
Global
	GlobalSection(SolutionConfigurationPlatforms) = preSolution
		Debug|Any CPU = Debug|Any CPU
		Release|Any CPU = Release|Any CPU
	EndGlobalSection
	GlobalSection(ProjectConfigurationPlatforms) = postSolution
		{4F76EC11-D971-4486-923C-3DE92CC01A66}.Debug|Any CPU.ActiveCfg = Debug|Any CPU
		{4F76EC11-D971-4486-923C-3DE92CC01A66}.Debug|Any CPU.Build.0 = Debug|Any CPU
		{4F76EC11-D971-4486-923C-3DE92CC01A66}.Release|Any CPU.ActiveCfg = Release|Any CPU
		{4F76EC11-D971-4486-923C-3DE92CC01A66}.Release|Any CPU.Build.0 = Release|Any CPU
		{7F87CE2A-1F95-4BFB-BB92-682E9064923F}.Debug|Any CPU.ActiveCfg = Debug|Any CPU
		{7F87CE2A-1F95-4BFB-BB92-682E9064923F}.Debug|Any CPU.Build.0 = Debug|Any CPU
		{7F87CE2A-1F95-4BFB-BB92-682E9064923F}.Release|Any CPU.ActiveCfg = Release|Any CPU
		{7F87CE2A-1F95-4BFB-BB92-682E9064923F}.Release|Any CPU.Build.0 = Release|Any CPU
		{1A6DE133-9F11-4B59-9F64-184C73C4FBC1}.Debug|Any CPU.ActiveCfg = Debug|Any CPU
		{1A6DE133-9F11-4B59-9F64-184C73C4FBC1}.Debug|Any CPU.Build.0 = Debug|Any CPU
		{1A6DE133-9F11-4B59-9F64-184C73C4FBC1}.Release|Any CPU.ActiveCfg = Release|Any CPU
		{1A6DE133-9F11-4B59-9F64-184C73C4FBC1}.Release|Any CPU.Build.0 = Release|Any CPU
		{8A8C57F4-ED00-40E1-BEA8-312E2C8171D1}.Debug|Any CPU.ActiveCfg = Debug|Any CPU
		{8A8C57F4-ED00-40E1-BEA8-312E2C8171D1}.Debug|Any CPU.Build.0 = Debug|Any CPU
		{8A8C57F4-ED00-40E1-BEA8-312E2C8171D1}.Release|Any CPU.ActiveCfg = Release|Any CPU
		{8A8C57F4-ED00-40E1-BEA8-312E2C8171D1}.Release|Any CPU.Build.0 = Release|Any CPU
		{8E6D608D-D52B-42C8-BC02-6F7FD8B10536}.Debug|Any CPU.ActiveCfg = Debug|Any CPU
		{8E6D608D-D52B-42C8-BC02-6F7FD8B10536}.Debug|Any CPU.Build.0 = Debug|Any CPU
		{8E6D608D-D52B-42C8-BC02-6F7FD8B10536}.Release|Any CPU.ActiveCfg = Release|Any CPU
		{8E6D608D-D52B-42C8-BC02-6F7FD8B10536}.Release|Any CPU.Build.0 = Release|Any CPU
		{E35D4169-DBB9-4012-9583-2044AD170841}.Debug|Any CPU.ActiveCfg = Debug|Any CPU
		{E35D4169-DBB9-4012-9583-2044AD170841}.Debug|Any CPU.Build.0 = Debug|Any CPU
		{E35D4169-DBB9-4012-9583-2044AD170841}.Release|Any CPU.ActiveCfg = Release|Any CPU
		{E35D4169-DBB9-4012-9583-2044AD170841}.Release|Any CPU.Build.0 = Release|Any CPU
		{1CBC8E4D-79E4-40DF-ADBC-227B03AA1703}.Debug|Any CPU.ActiveCfg = Debug|Any CPU
		{1CBC8E4D-79E4-40DF-ADBC-227B03AA1703}.Debug|Any CPU.Build.0 = Debug|Any CPU
		{1CBC8E4D-79E4-40DF-ADBC-227B03AA1703}.Release|Any CPU.ActiveCfg = Release|Any CPU
		{1CBC8E4D-79E4-40DF-ADBC-227B03AA1703}.Release|Any CPU.Build.0 = Release|Any CPU
		{863826C0-266A-4607-AB6F-70ECA307CE7A}.Debug|Any CPU.ActiveCfg = Debug|Any CPU
		{863826C0-266A-4607-AB6F-70ECA307CE7A}.Debug|Any CPU.Build.0 = Debug|Any CPU
		{863826C0-266A-4607-AB6F-70ECA307CE7A}.Release|Any CPU.ActiveCfg = Release|Any CPU
		{863826C0-266A-4607-AB6F-70ECA307CE7A}.Release|Any CPU.Build.0 = Release|Any CPU
		{CA94570B-9121-491F-AC64-934C7595FCE3}.Debug|Any CPU.ActiveCfg = Debug|Any CPU
		{CA94570B-9121-491F-AC64-934C7595FCE3}.Debug|Any CPU.Build.0 = Debug|Any CPU
		{CA94570B-9121-491F-AC64-934C7595FCE3}.Release|Any CPU.ActiveCfg = Release|Any CPU
		{CA94570B-9121-491F-AC64-934C7595FCE3}.Release|Any CPU.Build.0 = Release|Any CPU
		{37D2ACAF-5121-43F3-BF90-48A1A0936E98}.Debug|Any CPU.ActiveCfg = Debug|Any CPU
		{37D2ACAF-5121-43F3-BF90-48A1A0936E98}.Debug|Any CPU.Build.0 = Debug|Any CPU
		{37D2ACAF-5121-43F3-BF90-48A1A0936E98}.Release|Any CPU.ActiveCfg = Release|Any CPU
		{37D2ACAF-5121-43F3-BF90-48A1A0936E98}.Release|Any CPU.Build.0 = Release|Any CPU
	EndGlobalSection
	GlobalSection(SolutionProperties) = preSolution
		HideSolutionNode = FALSE
	EndGlobalSection
	GlobalSection(ExtensibilityGlobals) = postSolution
		SolutionGuid = {912FAC39-CE08-4B2C-A5FE-92DA2917D5E4}
	EndGlobalSection
EndGlobal
